{
  "name": "cap2ui5-adapter-node",
  "version": "1.0.0",
  "lockfileVersion": 3,
  "requires": true,
  "packages": {
    "": {
      "name": "cap2ui5-adapter-node",
      "version": "1.0.0",
      "license": "MIT",
      "dependencies": {
        "abap2UI5": "file:../../core"
      },
      "engines": {
        "node": ">=22"
      }
    },
    "../../core": {
      "name": "abap2UI5",
      "version": "1.0.0",
      "license": "MIT",
      "dependencies": {
        "openui5-dist": "1.113.0"
      },
      "engines": {
        "node": ">=22"
      }
    },
    "node_modules/abap2UI5": {
      "resolved": "../../core",
      "link": true
    }
  }
}
