{
  "name": "cap2ui5-adapter-node",
  "version": "1.0.0",
  "lockfileVersion": 3,
  "requires": true,
  "packages": {
    "": {
      "name": "cap2ui5-adapter-node",
      "version": "1.0.0",
      "license": "MIT",
      "dependencies": {
        "abap2UI5": "file:../cap2UI5"
      },
      "engines": {
        "node": ">=22"
      }
    },
    "../cap2UI5": {
      "name": "abap2UI5",
      "version": "1.0.0",
      "license": "MIT",
      "dependencies": {
        "@sap/cds": "^10",
        "express": "^5",
        "openui5-dist": "1.113.0"
      },
      "devDependencies": {
        "@cap-js/cds-test": "^1.0.1",
        "@cap-js/cds-types": "^0.18",
        "@cap-js/sqlite": "^3",
        "@sap/cds-dk": "^10",
        "jest": "^30",
        "mbt": "^1.2.34",
        "rimraf": "^6"
      },
      "engines": {
        "node": ">=22"
      }
    },
    "node_modules/abap2UI5": {
      "resolved": "../cap2UI5",
      "link": true
    }
  }
}
